{"version":4,"terraform_version":"1.12.1","serial":754,"lineage":"67d4e579-23a8-a3b3-5580-e47a2e985710","outputs":{"IPs_Publicas_dmz":{"value":{"apache-1":"52.209.59.209","apache-2":"108.130.50.57","haproxy-1":"108.130.236.243"},"type":["object",{"apache-1":"string","apache-2":"string","haproxy-1":"string"}]},"IPs_Publicas_lan":{"value":{"mariadb-1":"18.203.156.242","mariadb-2":"108.130.247.21"},"type":["object",{"mariadb-1":"string","mariadb-2":"string"}]}},"resources":[{"mode":"data","type":"aws_ami","name":"ubuntu","provider":"provider[\"registry.opentofu.org/hashicorp/aws\"]","instances":[{"schema_version":0,"attributes":{"architecture":"x86_64","arn":"arn:aws:ec2:eu-west-1::image/ami-02ad7d74d71067c63","block_device_mappings":[{"device_name":"/dev/sda1","ebs":{"delete_on_termination":"true","encrypted":"false","iops":"0","snapshot_id":"snap-00044e992c198c845","throughput":"0","volume_initialization_rate":"0","volume_size":"8","volume_type":"gp2"},"no_device":"","virtual_name":""},{"device_name":"/dev/sdb","ebs":{},"no_device":"","virtual_name":"ephemeral0"},{"device_name":"/dev/sdc","ebs":{},"no_device":"","virtual_name":"ephemeral1"}],"boot_mode":"uefi-preferred","creation_date":"2026-06-02T07:05:40.000Z","deprecation_time":"2028-06-02T07:05:40.000Z","description":"Canonical, Ubuntu, 22.04, amd64 jammy image","ena_support":true,"executable_users":null,"filter":[{"name":"name","values":["ubuntu/images/hvm-ssd/ubuntu-jammy-22.04-amd64-server-*"]},{"name":"virtualization-type","values":["hvm"]}],"hypervisor":"xen","id":"ami-02ad7d74d71067c63","image_id":"ami-02ad7d74d71067c63","image_location":"amazon/ubuntu/images/hvm-ssd/ubuntu-jammy-22.04-amd64-server-20260602","image_owner_alias":"amazon","image_type":"machine","imds_support":"","include_deprecated":false,"kernel_id":"","last_launched_time":"","most_recent":true,"name":"ubuntu/images/hvm-ssd/ubuntu-jammy-22.04-amd64-server-20260602","name_regex":null,"owner_id":"099720109477","owners":["099720109477"],"platform":"","platform_details":"Linux/UNIX","product_codes":[],"public":true,"ramdisk_id":"","root_device_name":"/dev/sda1","root_device_type":"ebs","root_snapshot_id":"snap-00044e992c198c845","sriov_net_support":"simple","state":"available","state_reason":{"code":"UNSET","message":"UNSET"},"tags":{},"timeouts":null,"tpm_support":"","uefi_data":null,"usage_operation":"RunInstances","virtualization_type":"hvm"},"sensitive_attributes":[]}]},{"mode":"managed","type":"aws_instance","name":"cluster_dmz","provider":"provider[\"registry.opentofu.org/hashicorp/aws\"]","instances":[{"index_key":"apache-1","schema_version":1,"attributes":{"ami":"ami-02ad7d74d71067c63","arn":"arn:aws:ec2:eu-west-1:500870441070:instance/i-04f028c5c4604e236","associate_public_ip_address":true,"availability_zone":"eu-west-1a","capacity_reservation_specification":[{"capacity_reservation_preference":"open","capacity_reservation_target":[]}],"cpu_core_count":1,"cpu_options":[{"amd_sev_snp":"","core_count":1,"threads_per_core":2}],"cpu_threads_per_core":2,"credit_specification":[{"cpu_credits":"unlimited"}],"disable_api_stop":false,"disable_api_termination":false,"ebs_block_device":[],"ebs_optimized":false,"enable_primary_ipv6":null,"enclave_options":[{"enabled":false}],"ephemeral_block_device":[],"get_password_data":false,"hibernation":false,"host_id":"","host_resource_group_arn":null,"iam_instance_profile":"","id":"i-04f028c5c4604e236","instance_initiated_shutdown_behavior":"stop","instance_lifecycle":"","instance_market_options":[],"instance_state":"running","instance_type":"t3.micro","ipv6_address_count":0,"ipv6_addresses":[],"key_name":"pfg-key-aws1","launch_template":[],"maintenance_options":[{"auto_recovery":"default"}],"metadata_options":[{"http_endpoint":"enabled","http_protocol_ipv6":"disabled","http_put_response_hop_limit":1,"http_tokens":"optional","instance_metadata_tags":"disabled"}],"monitoring":false,"network_interface":[],"outpost_arn":"","password_data":"","placement_group":"","placement_partition_number":0,"primary_network_interface_id":"eni-04193a0904a5b1598","private_dns":"ip-192-168-2-10.eu-west-1.compute.internal","private_dns_name_options":[{"enable_resource_name_dns_a_record":false,"enable_resource_name_dns_aaaa_record":false,"hostname_type":"ip-name"}],"private_ip":"192.168.2.10","public_dns":"ec2-52-209-59-209.eu-west-1.compute.amazonaws.com","public_ip":"52.209.59.209","root_block_device":[{"delete_on_termination":true,"device_name":"/dev/sda1","encrypted":false,"iops":100,"kms_key_id":"","tags":{},"tags_all":{},"throughput":0,"volume_id":"vol-05a9bf70ff187ccfb","volume_size":8,"volume_type":"gp2"}],"secondary_private_ips":[],"security_groups":[],"source_dest_check":true,"spot_instance_request_id":"","subnet_id":"subnet-09e42b49f61d6eacb","tags":{"Name":"apache-1"},"tags_all":{"Name":"apache-1"},"tenancy":"default","timeouts":null,"user_data":null,"user_data_base64":null,"user_data_replace_on_change":false,"volume_tags":null,"vpc_security_group_ids":["sg-076ce93d10da59a6c"]},"sensitive_attributes":[],"private":"eyJlMmJmYjczMC1lY2FhLTExZTYtOGY4OC0zNDM2M2JjN2M0YzAiOnsiY3JlYXRlIjo2MDAwMDAwMDAwMDAsImRlbGV0ZSI6MTIwMDAwMDAwMDAwMCwicmVhZCI6OTAwMDAwMDAwMDAwLCJ1cGRhdGUiOjYwMDAwMDAwMDAwMH0sInNjaGVtYV92ZXJzaW9uIjoiMSJ9","dependencies":["aws_internet_gateway.igw","aws_key_pair.deployer","aws_route_table.rt","aws_route_table_association.assoc_dmz","aws_security_group.pfg_sg","aws_subnet.subnet_dmz","aws_vpc.pfg_vpc","data.aws_ami.ubuntu"]},{"index_key":"apache-2","schema_version":1,"attributes":{"ami":"ami-02ad7d74d71067c63","arn":"arn:aws:ec2:eu-west-1:500870441070:instance/i-09f09c0602790509b","associate_public_ip_address":true,"availability_zone":"eu-west-1a","capacity_reservation_specification":[{"capacity_reservation_preference":"open","capacity_reservation_target":[]}],"cpu_core_count":1,"cpu_options":[{"amd_sev_snp":"","core_count":1,"threads_per_core":2}],"cpu_threads_per_core":2,"credit_specification":[{"cpu_credits":"unlimited"}],"disable_api_stop":false,"disable_api_termination":false,"ebs_block_device":[],"ebs_optimized":false,"enable_primary_ipv6":null,"enclave_options":[{"enabled":false}],"ephemeral_block_device":[],"get_password_data":false,"hibernation":false,"host_id":"","host_resource_group_arn":null,"iam_instance_profile":"","id":"i-09f09c0602790509b","instance_initiated_shutdown_behavior":"stop","instance_lifecycle":"","instance_market_options":[],"instance_state":"running","instance_type":"t3.micro","ipv6_address_count":0,"ipv6_addresses":[],"key_name":"pfg-key-aws1","launch_template":[],"maintenance_options":[{"auto_recovery":"default"}],"metadata_options":[{"http_endpoint":"enabled","http_protocol_ipv6":"disabled","http_put_response_hop_limit":1,"http_tokens":"optional","instance_metadata_tags":"disabled"}],"monitoring":false,"network_interface":[],"outpost_arn":"","password_data":"","placement_group":"","placement_partition_number":0,"primary_network_interface_id":"eni-052df34be6052c470","private_dns":"ip-192-168-2-11.eu-west-1.compute.internal","private_dns_name_options":[{"enable_resource_name_dns_a_record":false,"enable_resource_name_dns_aaaa_record":false,"hostname_type":"ip-name"}],"private_ip":"192.168.2.11","public_dns":"ec2-108-130-50-57.eu-west-1.compute.amazonaws.com","public_ip":"108.130.50.57","root_block_device":[{"delete_on_termination":true,"device_name":"/dev/sda1","encrypted":false,"iops":100,"kms_key_id":"","tags":{},"tags_all":{},"throughput":0,"volume_id":"vol-0729aa4253575d2ce","volume_size":8,"volume_type":"gp2"}],"secondary_private_ips":[],"security_groups":[],"source_dest_check":true,"spot_instance_request_id":"","subnet_id":"subnet-09e42b49f61d6eacb","tags":{"Name":"apache-2"},"tags_all":{"Name":"apache-2"},"tenancy":"default","timeouts":null,"user_data":null,"user_data_base64":null,"user_data_replace_on_change":false,"volume_tags":null,"vpc_security_group_ids":["sg-076ce93d10da59a6c"]},"sensitive_attributes":[],"private":"eyJlMmJmYjczMC1lY2FhLTExZTYtOGY4OC0zNDM2M2JjN2M0YzAiOnsiY3JlYXRlIjo2MDAwMDAwMDAwMDAsImRlbGV0ZSI6MTIwMDAwMDAwMDAwMCwicmVhZCI6OTAwMDAwMDAwMDAwLCJ1cGRhdGUiOjYwMDAwMDAwMDAwMH0sInNjaGVtYV92ZXJzaW9uIjoiMSJ9","dependencies":["aws_internet_gateway.igw","aws_key_pair.deployer","aws_route_table.rt","aws_route_table_association.assoc_dmz","aws_security_group.pfg_sg","aws_subnet.subnet_dmz","aws_vpc.pfg_vpc","data.aws_ami.ubuntu"]},{"index_key":"haproxy-1","schema_version":1,"attributes":{"ami":"ami-02ad7d74d71067c63","arn":"arn:aws:ec2:eu-west-1:500870441070:instance/i-0c2bac955ed2ef02e","associate_public_ip_address":true,"availability_zone":"eu-west-1a","capacity_reservation_specification":[{"capacity_reservation_preference":"open","capacity_reservation_target":[]}],"cpu_core_count":1,"cpu_options":[{"amd_sev_snp":"","core_count":1,"threads_per_core":2}],"cpu_threads_per_core":2,"credit_specification":[{"cpu_credits":"unlimited"}],"disable_api_stop":false,"disable_api_termination":false,"ebs_block_device":[],"ebs_optimized":false,"enable_primary_ipv6":null,"enclave_options":[{"enabled":false}],"ephemeral_block_device":[],"get_password_data":false,"hibernation":false,"host_id":"","host_resource_group_arn":null,"iam_instance_profile":"","id":"i-0c2bac955ed2ef02e","instance_initiated_shutdown_behavior":"stop","instance_lifecycle":"","instance_market_options":[],"instance_state":"running","instance_type":"t3.micro","ipv6_address_count":0,"ipv6_addresses":[],"key_name":"pfg-key-aws1","launch_template":[],"maintenance_options":[{"auto_recovery":"default"}],"metadata_options":[{"http_endpoint":"enabled","http_protocol_ipv6":"disabled","http_put_response_hop_limit":1,"http_tokens":"optional","instance_metadata_tags":"disabled"}],"monitoring":false,"network_interface":[],"outpost_arn":"","password_data":"","placement_group":"","placement_partition_number":0,"primary_network_interface_id":"eni-05c35f2e7693493d8","private_dns":"ip-192-168-2-20.eu-west-1.compute.internal","private_dns_name_options":[{"enable_resource_name_dns_a_record":false,"enable_resource_name_dns_aaaa_record":false,"hostname_type":"ip-name"}],"private_ip":"192.168.2.20","public_dns":"ec2-108-130-236-243.eu-west-1.compute.amazonaws.com","public_ip":"108.130.236.243","root_block_device":[{"delete_on_termination":true,"device_name":"/dev/sda1","encrypted":false,"iops":100,"kms_key_id":"","tags":{},"tags_all":{},"throughput":0,"volume_id":"vol-07526355c86759495","volume_size":8,"volume_type":"gp2"}],"secondary_private_ips":[],"security_groups":[],"source_dest_check":true,"spot_instance_request_id":"","subnet_id":"subnet-09e42b49f61d6eacb","tags":{"Name":"haproxy-1"},"tags_all":{"Name":"haproxy-1"},"tenancy":"default","timeouts":null,"user_data":null,"user_data_base64":null,"user_data_replace_on_change":false,"volume_tags":null,"vpc_security_group_ids":["sg-076ce93d10da59a6c"]},"sensitive_attributes":[],"private":"eyJlMmJmYjczMC1lY2FhLTExZTYtOGY4OC0zNDM2M2JjN2M0YzAiOnsiY3JlYXRlIjo2MDAwMDAwMDAwMDAsImRlbGV0ZSI6MTIwMDAwMDAwMDAwMCwicmVhZCI6OTAwMDAwMDAwMDAwLCJ1cGRhdGUiOjYwMDAwMDAwMDAwMH0sInNjaGVtYV92ZXJzaW9uIjoiMSJ9","dependencies":["aws_internet_gateway.igw","aws_key_pair.deployer","aws_route_table.rt","aws_route_table_association.assoc_dmz","aws_security_group.pfg_sg","aws_subnet.subnet_dmz","aws_vpc.pfg_vpc","data.aws_ami.ubuntu"]}]},{"mode":"managed","type":"aws_instance","name":"cluster_lan","provider":"provider[\"registry.opentofu.org/hashicorp/aws\"]","instances":[{"index_key":"mariadb-1","schema_version":1,"attributes":{"ami":"ami-02ad7d74d71067c63","arn":"arn:aws:ec2:eu-west-1:500870441070:instance/i-02630a1b13cc45091","associate_public_ip_address":true,"availability_zone":"eu-west-1a","capacity_reservation_specification":[{"capacity_reservation_preference":"open","capacity_reservation_target":[]}],"cpu_core_count":1,"cpu_options":[{"amd_sev_snp":"","core_count":1,"threads_per_core":2}],"cpu_threads_per_core":2,"credit_specification":[{"cpu_credits":"unlimited"}],"disable_api_stop":false,"disable_api_termination":false,"ebs_block_device":[],"ebs_optimized":false,"enable_primary_ipv6":null,"enclave_options":[{"enabled":false}],"ephemeral_block_device":[],"get_password_data":false,"hibernation":false,"host_id":"","host_resource_group_arn":null,"iam_instance_profile":"","id":"i-02630a1b13cc45091","instance_initiated_shutdown_behavior":"stop","instance_lifecycle":"","instance_market_options":[],"instance_state":"running","instance_type":"t3.micro","ipv6_address_count":0,"ipv6_addresses":[],"key_name":"pfg-key-aws1","launch_template":[],"maintenance_options":[{"auto_recovery":"default"}],"metadata_options":[{"http_endpoint":"enabled","http_protocol_ipv6":"disabled","http_put_response_hop_limit":1,"http_tokens":"optional","instance_metadata_tags":"disabled"}],"monitoring":false,"network_interface":[],"outpost_arn":"","password_data":"","placement_group":"","placement_partition_number":0,"primary_network_interface_id":"eni-000d3786c11d7200e","private_dns":"ip-192-168-1-30.eu-west-1.compute.internal","private_dns_name_options":[{"enable_resource_name_dns_a_record":false,"enable_resource_name_dns_aaaa_record":false,"hostname_type":"ip-name"}],"private_ip":"192.168.1.30","public_dns":"ec2-18-203-156-242.eu-west-1.compute.amazonaws.com","public_ip":"18.203.156.242","root_block_device":[{"delete_on_termination":true,"device_name":"/dev/sda1","encrypted":false,"iops":100,"kms_key_id":"","tags":{},"tags_all":{},"throughput":0,"volume_id":"vol-07c8bc1c14a9d3540","volume_size":8,"volume_type":"gp2"}],"secondary_private_ips":[],"security_groups":[],"source_dest_check":true,"spot_instance_request_id":"","subnet_id":"subnet-0510e93649f660dc2","tags":{"Name":"mariadb-1"},"tags_all":{"Name":"mariadb-1"},"tenancy":"default","timeouts":null,"user_data":null,"user_data_base64":null,"user_data_replace_on_change":false,"volume_tags":null,"vpc_security_group_ids":["sg-076ce93d10da59a6c"]},"sensitive_attributes":[],"private":"eyJlMmJmYjczMC1lY2FhLTExZTYtOGY4OC0zNDM2M2JjN2M0YzAiOnsiY3JlYXRlIjo2MDAwMDAwMDAwMDAsImRlbGV0ZSI6MTIwMDAwMDAwMDAwMCwicmVhZCI6OTAwMDAwMDAwMDAwLCJ1cGRhdGUiOjYwMDAwMDAwMDAwMH0sInNjaGVtYV92ZXJzaW9uIjoiMSJ9","dependencies":["aws_internet_gateway.igw","aws_key_pair.deployer","aws_route_table.rt","aws_route_table_association.assoc_lan","aws_security_group.pfg_sg","aws_subnet.subnet_lan","aws_vpc.pfg_vpc","data.aws_ami.ubuntu"]},{"index_key":"mariadb-2","schema_version":1,"attributes":{"ami":"ami-02ad7d74d71067c63","arn":"arn:aws:ec2:eu-west-1:500870441070:instance/i-0ebbe296a3d3e169d","associate_public_ip_address":true,"availability_zone":"eu-west-1a","capacity_reservation_specification":[{"capacity_reservation_preference":"open","capacity_reservation_target":[]}],"cpu_core_count":1,"cpu_options":[{"amd_sev_snp":"","core_count":1,"threads_per_core":2}],"cpu_threads_per_core":2,"credit_specification":[{"cpu_credits":"unlimited"}],"disable_api_stop":false,"disable_api_termination":false,"ebs_block_device":[],"ebs_optimized":false,"enable_primary_ipv6":null,"enclave_options":[{"enabled":false}],"ephemeral_block_device":[],"get_password_data":false,"hibernation":false,"host_id":"","host_resource_group_arn":null,"iam_instance_profile":"","id":"i-0ebbe296a3d3e169d","instance_initiated_shutdown_behavior":"stop","instance_lifecycle":"","instance_market_options":[],"instance_state":"running","instance_type":"t3.micro","ipv6_address_count":0,"ipv6_addresses":[],"key_name":"pfg-key-aws1","launch_template":[],"maintenance_options":[{"auto_recovery":"default"}],"metadata_options":[{"http_endpoint":"enabled","http_protocol_ipv6":"disabled","http_put_response_hop_limit":1,"http_tokens":"optional","instance_metadata_tags":"disabled"}],"monitoring":false,"network_interface":[],"outpost_arn":"","password_data":"","placement_group":"","placement_partition_number":0,"primary_network_interface_id":"eni-045863daa75938fe4","private_dns":"ip-192-168-1-31.eu-west-1.compute.internal","private_dns_name_options":[{"enable_resource_name_dns_a_record":false,"enable_resource_name_dns_aaaa_record":false,"hostname_type":"ip-name"}],"private_ip":"192.168.1.31","public_dns":"ec2-108-130-247-21.eu-west-1.compute.amazonaws.com","public_ip":"108.130.247.21","root_block_device":[{"delete_on_termination":true,"device_name":"/dev/sda1","encrypted":false,"iops":100,"kms_key_id":"","tags":{},"tags_all":{},"throughput":0,"volume_id":"vol-09e7ef2cd0af52a81","volume_size":8,"volume_type":"gp2"}],"secondary_private_ips":[],"security_groups":[],"source_dest_check":true,"spot_instance_request_id":"","subnet_id":"subnet-0510e93649f660dc2","tags":{"Name":"mariadb-2"},"tags_all":{"Name":"mariadb-2"},"tenancy":"default","timeouts":null,"user_data":null,"user_data_base64":null,"user_data_replace_on_change":false,"volume_tags":null,"vpc_security_group_ids":["sg-076ce93d10da59a6c"]},"sensitive_attributes":[],"private":"eyJlMmJmYjczMC1lY2FhLTExZTYtOGY4OC0zNDM2M2JjN2M0YzAiOnsiY3JlYXRlIjo2MDAwMDAwMDAwMDAsImRlbGV0ZSI6MTIwMDAwMDAwMDAwMCwicmVhZCI6OTAwMDAwMDAwMDAwLCJ1cGRhdGUiOjYwMDAwMDAwMDAwMH0sInNjaGVtYV92ZXJzaW9uIjoiMSJ9","dependencies":["aws_internet_gateway.igw","aws_key_pair.deployer","aws_route_table.rt","aws_route_table_association.assoc_lan","aws_security_group.pfg_sg","aws_subnet.subnet_lan","aws_vpc.pfg_vpc","data.aws_ami.ubuntu"]}]},{"mode":"managed","type":"aws_internet_gateway","name":"igw","provider":"provider[\"registry.opentofu.org/hashicorp/aws\"]","instances":[{"schema_version":0,"attributes":{"arn":"arn:aws:ec2:eu-west-1:500870441070:internet-gateway/igw-0e3859f3a5a9a815c","id":"igw-0e3859f3a5a9a815c","owner_id":"500870441070","tags":{"Name":"PFG-Internet-Gateway"},"tags_all":{"Name":"PFG-Internet-Gateway"},"timeouts":null,"vpc_id":"vpc-02fb3dbc8ad47b41c"},"sensitive_attributes":[],"private":"eyJlMmJmYjczMC1lY2FhLTExZTYtOGY4OC0zNDM2M2JjN2M0YzAiOnsiY3JlYXRlIjoxMjAwMDAwMDAwMDAwLCJkZWxldGUiOjEyMDAwMDAwMDAwMDAsInVwZGF0ZSI6MTIwMDAwMDAwMDAwMH19","dependencies":["aws_vpc.pfg_vpc"]}]},{"mode":"managed","type":"aws_key_pair","name":"deployer","provider":"provider[\"registry.opentofu.org/hashicorp/aws\"]","instances":[{"schema_version":1,"attributes":{"arn":"arn:aws:ec2:eu-west-1:500870441070:key-pair/pfg-key-aws1","fingerprint":"7e:00:6c:4e:c5:db:76:20:9c:8b:b5:04:14:df:fe:20","id":"pfg-key-aws1","key_name":"pfg-key-aws1","key_name_prefix":"","key_pair_id":"key-05b1693db0103a800","key_type":"rsa","public_key":"ssh-rsa AAAAB3NzaC1yc2EAAAADAQABAAABAQDBHGk3KxUegZW2ItEUMcvgEBochHGVzk3ajMSm7w1Y4CTm3ZNA7ngU+BYk+nBoRRkYv9lR+P7KFn4NoAOKtNFm6u7YjEC0FBrAQo3Ek9pmJ6itW/6oVUrXXF0P2pyN8ftVBvw9/EDl0UHR9C+EcT1jNdTZZJ6Xh0fWl4CfOL8EzEcM7YfaVMVvvPd6pKFQ+1ZZmAWDums2FxlGXAA5pJwJCqOq/z6hT7bzsYKhiEnbBCv7ytim8ZgfTaPGb0plZE0AvmEuf0gL32/lsw2J1mVnJYcDu69ZJGSLZbOTh8lfQd9fRqEalzY+4Thra4i3Yj8XbcCbQo82v18G/OGCqySp root@WIN-D441BNUU0N3","tags":null,"tags_all":{}},"sensitive_attributes":[],"private":"eyJzY2hlbWFfdmVyc2lvbiI6IjEifQ=="}]},{"mode":"managed","type":"aws_route_table","name":"rt","provider":"provider[\"registry.opentofu.org/hashicorp/aws\"]","instances":[{"schema_version":0,"attributes":{"arn":"arn:aws:ec2:eu-west-1:500870441070:route-table/rtb-00c9ce437c506364b","id":"rtb-00c9ce437c506364b","owner_id":"500870441070","propagating_vgws":[],"route":[{"carrier_gateway_id":"","cidr_block":"0.0.0.0/0","core_network_arn":"","destination_prefix_list_id":"","egress_only_gateway_id":"","gateway_id":"igw-0e3859f3a5a9a815c","ipv6_cidr_block":"","local_gateway_id":"","nat_gateway_id":"","network_interface_id":"","transit_gateway_id":"","vpc_endpoint_id":"","vpc_peering_connection_id":""}],"tags":{"Name":"Tabla-Enrutamiento-PFG"},"tags_all":{"Name":"Tabla-Enrutamiento-PFG"},"timeouts":null,"vpc_id":"vpc-02fb3dbc8ad47b41c"},"sensitive_attributes":[],"private":"eyJlMmJmYjczMC1lY2FhLTExZTYtOGY4OC0zNDM2M2JjN2M0YzAiOnsiY3JlYXRlIjozMDAwMDAwMDAwMDAsImRlbGV0ZSI6MzAwMDAwMDAwMDAwLCJ1cGRhdGUiOjEyMDAwMDAwMDAwMH19","dependencies":["aws_internet_gateway.igw","aws_vpc.pfg_vpc"]}]},{"mode":"managed","type":"aws_route_table_association","name":"assoc_dmz","provider":"provider[\"registry.opentofu.org/hashicorp/aws\"]","instances":[{"schema_version":0,"attributes":{"gateway_id":"","id":"rtbassoc-0b1569668da4c916c","route_table_id":"rtb-00c9ce437c506364b","subnet_id":"subnet-09e42b49f61d6eacb","timeouts":null},"sensitive_attributes":[],"private":"eyJlMmJmYjczMC1lY2FhLTExZTYtOGY4OC0zNDM2M2JjN2M0YzAiOnsiY3JlYXRlIjozMDAwMDAwMDAwMDAsImRlbGV0ZSI6MzAwMDAwMDAwMDAwLCJ1cGRhdGUiOjEyMDAwMDAwMDAwMH19","dependencies":["aws_internet_gateway.igw","aws_route_table.rt","aws_subnet.subnet_dmz","aws_vpc.pfg_vpc"]}]},{"mode":"managed","type":"aws_route_table_association","name":"assoc_lan","provider":"provider[\"registry.opentofu.org/hashicorp/aws\"]","instances":[{"schema_version":0,"attributes":{"gateway_id":"","id":"rtbassoc-0fcfbfd435c47b387","route_table_id":"rtb-00c9ce437c506364b","subnet_id":"subnet-0510e93649f660dc2","timeouts":null},"sensitive_attributes":[],"private":"eyJlMmJmYjczMC1lY2FhLTExZTYtOGY4OC0zNDM2M2JjN2M0YzAiOnsiY3JlYXRlIjozMDAwMDAwMDAwMDAsImRlbGV0ZSI6MzAwMDAwMDAwMDAwLCJ1cGRhdGUiOjEyMDAwMDAwMDAwMH19","dependencies":["aws_internet_gateway.igw","aws_route_table.rt","aws_subnet.subnet_lan","aws_vpc.pfg_vpc"]}]},{"mode":"managed","type":"aws_security_group","name":"pfg_sg","provider":"provider[\"registry.opentofu.org/hashicorp/aws\"]","instances":[{"schema_version":1,"attributes":{"arn":"arn:aws:ec2:eu-west-1:500870441070:security-group/sg-076ce93d10da59a6c","description":"Acceso SSH externo y comunicacion interna total","egress":[{"cidr_blocks":["0.0.0.0/0"],"description":"","from_port":0,"ipv6_cidr_blocks":[],"prefix_list_ids":[],"protocol":"-1","security_groups":[],"self":false,"to_port":0}],"id":"sg-076ce93d10da59a6c","ingress":[{"cidr_blocks":["0.0.0.0/0"],"description":"","from_port":22,"ipv6_cidr_blocks":[],"prefix_list_ids":[],"protocol":"tcp","security_groups":[],"self":false,"to_port":22},{"cidr_blocks":["0.0.0.0/0"],"description":"","from_port":80,"ipv6_cidr_blocks":[],"prefix_list_ids":[],"protocol":"tcp","security_groups":[],"self":false,"to_port":80},{"cidr_blocks":["192.168.1.0/24"],"description":"","from_port":0,"ipv6_cidr_blocks":[],"prefix_list_ids":[],"protocol":"-1","security_groups":[],"self":false,"to_port":0}],"name":"pfg-firewall","name_prefix":"","owner_id":"500870441070","revoke_rules_on_delete":false,"tags":{"Name":"Firewall-PFG"},"tags_all":{"Name":"Firewall-PFG"},"timeouts":null,"vpc_id":"vpc-02fb3dbc8ad47b41c"},"sensitive_attributes":[],"private":"eyJlMmJmYjczMC1lY2FhLTExZTYtOGY4OC0zNDM2M2JjN2M0YzAiOnsiY3JlYXRlIjo2MDAwMDAwMDAwMDAsImRlbGV0ZSI6OTAwMDAwMDAwMDAwfSwic2NoZW1hX3ZlcnNpb24iOiIxIn0=","dependencies":["aws_vpc.pfg_vpc"]}]},{"mode":"managed","type":"aws_subnet","name":"subnet_dmz","provider":"provider[\"registry.opentofu.org/hashicorp/aws\"]","instances":[{"schema_version":1,"attributes":{"arn":"arn:aws:ec2:eu-west-1:500870441070:subnet/subnet-09e42b49f61d6eacb","assign_ipv6_address_on_creation":false,"availability_zone":"eu-west-1a","availability_zone_id":"euw1-az2","cidr_block":"192.168.2.0/24","customer_owned_ipv4_pool":"","enable_dns64":false,"enable_lni_at_device_index":0,"enable_resource_name_dns_a_record_on_launch":false,"enable_resource_name_dns_aaaa_record_on_launch":false,"id":"subnet-09e42b49f61d6eacb","ipv6_cidr_block":"","ipv6_cidr_block_association_id":"","ipv6_native":false,"map_customer_owned_ip_on_launch":false,"map_public_ip_on_launch":true,"outpost_arn":"","owner_id":"500870441070","private_dns_hostname_type_on_launch":"ip-name","tags":{"Name":"Subnet-Web"},"tags_all":{"Name":"Subnet-Web"},"timeouts":null,"vpc_id":"vpc-02fb3dbc8ad47b41c"},"sensitive_attributes":[],"private":"eyJlMmJmYjczMC1lY2FhLTExZTYtOGY4OC0zNDM2M2JjN2M0YzAiOnsiY3JlYXRlIjo2MDAwMDAwMDAwMDAsImRlbGV0ZSI6MTIwMDAwMDAwMDAwMH0sInNjaGVtYV92ZXJzaW9uIjoiMSJ9","dependencies":["aws_vpc.pfg_vpc"]}]},{"mode":"managed","type":"aws_subnet","name":"subnet_lan","provider":"provider[\"registry.opentofu.org/hashicorp/aws\"]","instances":[{"schema_version":1,"attributes":{"arn":"arn:aws:ec2:eu-west-1:500870441070:subnet/subnet-0510e93649f660dc2","assign_ipv6_address_on_creation":false,"availability_zone":"eu-west-1a","availability_zone_id":"euw1-az2","cidr_block":"192.168.1.0/24","customer_owned_ipv4_pool":"","enable_dns64":false,"enable_lni_at_device_index":0,"enable_resource_name_dns_a_record_on_launch":false,"enable_resource_name_dns_aaaa_record_on_launch":false,"id":"subnet-0510e93649f660dc2","ipv6_cidr_block":"","ipv6_cidr_block_association_id":"","ipv6_native":false,"map_customer_owned_ip_on_launch":false,"map_public_ip_on_launch":true,"outpost_arn":"","owner_id":"500870441070","private_dns_hostname_type_on_launch":"ip-name","tags":{"Name":"Subnet-Datos-Gestion"},"tags_all":{"Name":"Subnet-Datos-Gestion"},"timeouts":null,"vpc_id":"vpc-02fb3dbc8ad47b41c"},"sensitive_attributes":[],"private":"eyJlMmJmYjczMC1lY2FhLTExZTYtOGY4OC0zNDM2M2JjN2M0YzAiOnsiY3JlYXRlIjo2MDAwMDAwMDAwMDAsImRlbGV0ZSI6MTIwMDAwMDAwMDAwMH0sInNjaGVtYV92ZXJzaW9uIjoiMSJ9","dependencies":["aws_vpc.pfg_vpc"]}]},{"mode":"managed","type":"aws_vpc","name":"pfg_vpc","provider":"provider[\"registry.opentofu.org/hashicorp/aws\"]","instances":[{"schema_version":1,"attributes":{"arn":"arn:aws:ec2:eu-west-1:500870441070:vpc/vpc-02fb3dbc8ad47b41c","assign_generated_ipv6_cidr_block":false,"cidr_block":"192.168.0.0/16","default_network_acl_id":"acl-09aaaa7198d65fdf9","default_route_table_id":"rtb-075acdc96eaee91d6","default_security_group_id":"sg-08fc952f5c26cd181","dhcp_options_id":"dopt-0ae975742d5ff5621","enable_dns_hostnames":true,"enable_dns_support":true,"enable_network_address_usage_metrics":false,"id":"vpc-02fb3dbc8ad47b41c","instance_tenancy":"default","ipv4_ipam_pool_id":null,"ipv4_netmask_length":null,"ipv6_association_id":"","ipv6_cidr_block":"","ipv6_cidr_block_network_border_group":"","ipv6_ipam_pool_id":"","ipv6_netmask_length":0,"main_route_table_id":"rtb-075acdc96eaee91d6","owner_id":"500870441070","tags":{"Name":"VPC-PFG-David"},"tags_all":{"Name":"VPC-PFG-David"}},"sensitive_attributes":[],"private":"eyJzY2hlbWFfdmVyc2lvbiI6IjEifQ=="}]},{"mode":"managed","type":"local_file","name":"ansible_inventory","provider":"provider[\"registry.opentofu.org/hashicorp/local\"]","instances":[{"schema_version":0,"attributes":{"content":"    [db]\n    mariadb-1 ansible_host=18.203.156.242\n    mariadb-2 ansible_host=108.130.247.21\n\n    [web]\n    apache-1 ansible_host=52.209.59.209\n    apache-2 ansible_host=108.130.50.57\n\n    [proxy]\n    haproxy-1 ansible_host=108.130.236.243\n\n    [all:vars]\n    ansible_user=ubuntu\n    ansible_ssh_private_key_file=~/.ssh/pfg_key\n    ansible_ssh_common_args='-o StrictHostKeyChecking=no'\n","content_base64":null,"content_base64sha256":"VAhHIVnr+MJkf0ioO135H34CE/hgSbG5OoN4GZMtzkE=","content_base64sha512":"gI0qRO8Pse9hT6Knu1Hh1BXg1j0veyOjbQdqxsjUNnB6vbnWVrKtV3Gho9BBmXBN+e5Qr6h6rffNodZB9dGHwQ==","content_md5":"0860ca7e18e1a317837794a9d8324caf","content_sha1":"3fea4f5b17a367f73e3b59267f7346765997b156","content_sha256":"5408472159ebf8c2647f48a83b5df91f7e0213f86049b1b93a837819932dce41","content_sha512":"808d2a44ef0fb1ef614fa2a7bb51e1d415e0d63d2f7b23a36d076ac6c8d436707abdb9d656b2ad5771a1a3d04199704df9ee50afa87aadf7cda1d641f5d187c1","directory_permission":"0777","file_permission":"0777","filename":"./hosts","id":"3fea4f5b17a367f73e3b59267f7346765997b156","sensitive_content":null,"source":null},"sensitive_attributes":[[{"type":"get_attr","value":"sensitive_content"}]],"dependencies":["aws_instance.cluster_dmz","aws_instance.cluster_lan","aws_internet_gateway.igw","aws_key_pair.deployer","aws_route_table.rt","aws_route_table_association.assoc_dmz","aws_route_table_association.assoc_lan","aws_security_group.pfg_sg","aws_subnet.subnet_dmz","aws_subnet.subnet_lan","aws_vpc.pfg_vpc","data.aws_ami.ubuntu"]}]},{"mode":"managed","type":"null_resource","name":"ejecutar_ansible","provider":"provider[\"registry.opentofu.org/hashicorp/null\"]","instances":[{"schema_version":0,"attributes":{"id":"8486002977510161410","triggers":null},"sensitive_attributes":[],"dependencies":["aws_instance.cluster_dmz","aws_instance.cluster_lan","aws_internet_gateway.igw","aws_key_pair.deployer","aws_route_table.rt","aws_route_table_association.assoc_dmz","aws_route_table_association.assoc_lan","aws_security_group.pfg_sg","aws_subnet.subnet_dmz","aws_subnet.subnet_lan","aws_vpc.pfg_vpc","data.aws_ami.ubuntu"]}]}],"check_results":null}
