{"version":4,"terraform_version":"1.11.5","serial":421,"lineage":"67d4e579-23a8-a3b3-5580-e47a2e985710","outputs":{},"resources":[{"module":"module.pfsense","mode":"managed","type":"proxmox_virtual_environment_vm","name":"pfSense","provider":"provider[\"registry.opentofu.org/bpg/proxmox\"]","instances":[{"schema_version":0,"attributes":{"acpi":true,"agent":[{"enabled":false,"timeout":"15m","trim":false,"type":"virtio","wait_for_ip":[]}],"amd_sev":[],"audio_device":[],"bios":"seabios","boot_order":["scsi0","ide2","net0"],"cdrom":[],"clone":[{"datastore_id":"","full":true,"node_name":"","retries":1,"vm_id":109}],"cpu":[{"affinity":"","architecture":"","cores":2,"flags":null,"hotplugged":0,"limit":0,"numa":false,"sockets":1,"type":"qemu64","units":0}],"delete_unreferenced_disks_on_destroy":true,"description":null,"disk":[{"aio":"io_uring","backup":true,"cache":"none","datastore_id":"local-lvm","discard":"ignore","file_format":"raw","file_id":"","import_from":"","interface":"scsi0","iothread":false,"path_in_datastore":"vm-600-disk-0","replicate":true,"serial":"","size":32,"speed":[],"ssd":false}],"efi_disk":[],"hook_script_file_id":null,"hostpci":[],"hotplug":null,"id":"600","initialization":[],"ipv4_addresses":[],"ipv6_addresses":[],"keyboard_layout":"en-us","kvm_arguments":null,"mac_addresses":["BC:24:11:66:37:A4","BC:24:11:AC:D7:71","BC:24:11:35:B4:8C","BC:24:11:A7:01:E6"],"machine":null,"memory":[{"dedicated":4500,"floating":0,"hugepages":"","keep_hugepages":false,"shared":0}],"migrate":false,"name":"pfSense","network_device":[{"bridge":"vmbr0","disconnected":false,"enabled":true,"firewall":false,"mac_address":"BC:24:11:66:37:A4","model":"virtio","mtu":0,"queues":0,"rate_limit":0,"trunks":"","vlan_id":0},{"bridge":"vmbr1","disconnected":false,"enabled":true,"firewall":false,"mac_address":"BC:24:11:AC:D7:71","model":"virtio","mtu":0,"queues":0,"rate_limit":0,"trunks":"","vlan_id":0},{"bridge":"vmbr2","disconnected":false,"enabled":true,"firewall":false,"mac_address":"BC:24:11:35:B4:8C","model":"virtio","mtu":0,"queues":0,"rate_limit":0,"trunks":"","vlan_id":0},{"bridge":"vmbr3","disconnected":false,"enabled":true,"firewall":false,"mac_address":"BC:24:11:A7:01:E6","model":"virtio","mtu":0,"queues":0,"rate_limit":0,"trunks":"","vlan_id":0}],"network_interface_names":[],"node_name":"proxmox","numa":[],"on_boot":true,"operating_system":[],"pool_id":"","protection":false,"purge_on_destroy":true,"reboot":false,"reboot_after_update":true,"rng":[],"scsi_hardware":"virtio-scsi-pci","serial_device":[],"smbios":[],"started":true,"startup":[],"stop_on_destroy":false,"tablet_device":true,"tags":null,"template":false,"timeout_clone":1800,"timeout_create":1800,"timeout_migrate":1800,"timeout_move_disk":1800,"timeout_reboot":1800,"timeout_shutdown_vm":1800,"timeout_start_vm":1800,"timeout_stop_vm":300,"tpm_state":[],"usb":[],"vga":[],"virtiofs":[],"vm_id":600,"watchdog":[]},"sensitive_attributes":[],"private":"bnVsbA=="}]},{"module":"module.servidores","mode":"managed","type":"proxmox_virtual_environment_vm","name":"apache1","provider":"provider[\"registry.opentofu.org/bpg/proxmox\"]","instances":[{"schema_version":0,"attributes":{"acpi":true,"agent":[{"enabled":false,"timeout":"15m","trim":false,"type":"virtio","wait_for_ip":[]}],"amd_sev":[],"audio_device":[],"bios":"seabios","boot_order":["scsi0","ide2","net0"],"cdrom":[],"clone":[{"datastore_id":"","full":true,"node_name":"","retries":1,"vm_id":102}],"cpu":[{"affinity":"","architecture":"","cores":2,"flags":null,"hotplugged":0,"limit":0,"numa":false,"sockets":1,"type":"qemu64","units":0}],"delete_unreferenced_disks_on_destroy":true,"description":null,"disk":[{"aio":"io_uring","backup":true,"cache":"none","datastore_id":"local-lvm","discard":"ignore","file_format":"raw","file_id":"","import_from":"","interface":"scsi0","iothread":false,"path_in_datastore":"vm-300-disk-0","replicate":true,"serial":"","size":20,"speed":[],"ssd":false}],"efi_disk":[],"hook_script_file_id":null,"hostpci":[],"hotplug":null,"id":"300","initialization":[{"datastore_id":"local-lvm","dns":[],"file_format":"","interface":"ide0","ip_config":[{"ipv4":[{"address":"192.168.2.10/24","gateway":"192.168.2.1"}],"ipv6":[]}],"meta_data_file_id":"","network_data_file_id":"","type":"","upgrade":true,"user_account":[{"keys":["ssh-rsa AAAAB3NzaC1yc2EAAAADAQABAAABgQDC21C0XJW0VH5Pdf0tzAgM49zG+WpRShbdmINqzTK3qs3gsMA+dYA7HEVgdBmNVv8NSRpXjqKVsn7CGK6M8E66CUt8QTdptGI60dKxAGrAECZYSLQ9D44f3jEFEjSKG6D4PdUJS5qqmHQa4gMEIqkmmqZCzlYoXqHUsQ78XOR4TWkRKcQx286cQDQlbEUW0pbaiZ6O7MZemN2vtFEZfQHL18ApIM7wtgPnF/tCScxSZRPzHkDL3hJdEeUCHiU169u6Ct7rpjm9o+yXPdzcqpdPr0c68XOZwtXRNQZ4f/Dqclz5QK1wxM4Fvro8NvZILTX98OzOm78dzJqgyyYBpTz2S1gkY8DMc0GaGQLA322xe62KcguPhHh10vpYpcQt7mfUH5P1zQTvXsMJigTjLzFfStm6iGAF8ytY4PICwIzIvUlcPvemSmhIEbnrLwAM1yqeUY9AqVFeQJuMZynIhVBV2BVj9J3CaAAxs8FAc24H7Xs6jvlawMrEPEognzRNI7c= bosonit\\david.garcia@L2202013"],"password":"**********","username":"ubuntu"}],"user_data_file_id":"","vendor_data_file_id":""}],"ipv4_addresses":[],"ipv6_addresses":[],"keyboard_layout":"en-us","kvm_arguments":null,"mac_addresses":["BC:24:11:6D:11:A4"],"machine":null,"memory":[{"dedicated":4096,"floating":0,"hugepages":"","keep_hugepages":false,"shared":0}],"migrate":false,"name":"Apache-1","network_device":[{"bridge":"vmbr2","disconnected":false,"enabled":true,"firewall":false,"mac_address":"BC:24:11:6D:11:A4","model":"virtio","mtu":0,"queues":0,"rate_limit":0,"trunks":"","vlan_id":0}],"network_interface_names":[],"node_name":"proxmox","numa":[],"on_boot":true,"operating_system":[],"pool_id":"","protection":false,"purge_on_destroy":true,"reboot":false,"reboot_after_update":true,"rng":[],"scsi_hardware":"virtio-scsi-pci","serial_device":[],"smbios":[],"started":true,"startup":[],"stop_on_destroy":false,"tablet_device":true,"tags":null,"template":false,"timeout_clone":1800,"timeout_create":1800,"timeout_migrate":1800,"timeout_move_disk":1800,"timeout_reboot":1800,"timeout_shutdown_vm":1800,"timeout_start_vm":1800,"timeout_stop_vm":300,"tpm_state":[],"usb":[],"vga":[],"virtiofs":[],"vm_id":300,"watchdog":[]},"sensitive_attributes":[[{"type":"get_attr","value":"initialization"},{"type":"index","value":{"value":0,"type":"number"}},{"type":"get_attr","value":"user_account"},{"type":"index","value":{"value":0,"type":"number"}},{"type":"get_attr","value":"password"}]],"private":"bnVsbA==","dependencies":["module.pfsense.proxmox_virtual_environment_vm.pfSense","module.servidores.proxmox_virtual_environment_vm.mariadb_server1","module.servidores.proxmox_virtual_environment_vm.mariadb_server2"]}]},{"module":"module.servidores","mode":"managed","type":"proxmox_virtual_environment_vm","name":"apache2","provider":"provider[\"registry.opentofu.org/bpg/proxmox\"]","instances":[{"schema_version":0,"attributes":{"acpi":true,"agent":[{"enabled":false,"timeout":"15m","trim":false,"type":"virtio","wait_for_ip":[]}],"amd_sev":[],"audio_device":[],"bios":"seabios","boot_order":["scsi0","ide2","net0"],"cdrom":[],"clone":[{"datastore_id":"","full":true,"node_name":"","retries":1,"vm_id":103}],"cpu":[{"affinity":"","architecture":"","cores":2,"flags":null,"hotplugged":0,"limit":0,"numa":false,"sockets":1,"type":"qemu64","units":0}],"delete_unreferenced_disks_on_destroy":true,"description":null,"disk":[{"aio":"io_uring","backup":true,"cache":"none","datastore_id":"local-lvm","discard":"ignore","file_format":"raw","file_id":"","import_from":"","interface":"scsi0","iothread":false,"path_in_datastore":"vm-301-disk-0","replicate":true,"serial":"","size":20,"speed":[],"ssd":false}],"efi_disk":[],"hook_script_file_id":null,"hostpci":[],"hotplug":null,"id":"301","initialization":[{"datastore_id":"local-lvm","dns":[],"file_format":"","interface":"ide0","ip_config":[{"ipv4":[{"address":"192.168.2.11/24","gateway":"192.168.2.1"}],"ipv6":[]}],"meta_data_file_id":"","network_data_file_id":"","type":"","upgrade":true,"user_account":[{"keys":["ssh-rsa AAAAB3NzaC1yc2EAAAADAQABAAABgQDC21C0XJW0VH5Pdf0tzAgM49zG+WpRShbdmINqzTK3qs3gsMA+dYA7HEVgdBmNVv8NSRpXjqKVsn7CGK6M8E66CUt8QTdptGI60dKxAGrAECZYSLQ9D44f3jEFEjSKG6D4PdUJS5qqmHQa4gMEIqkmmqZCzlYoXqHUsQ78XOR4TWkRKcQx286cQDQlbEUW0pbaiZ6O7MZemN2vtFEZfQHL18ApIM7wtgPnF/tCScxSZRPzHkDL3hJdEeUCHiU169u6Ct7rpjm9o+yXPdzcqpdPr0c68XOZwtXRNQZ4f/Dqclz5QK1wxM4Fvro8NvZILTX98OzOm78dzJqgyyYBpTz2S1gkY8DMc0GaGQLA322xe62KcguPhHh10vpYpcQt7mfUH5P1zQTvXsMJigTjLzFfStm6iGAF8ytY4PICwIzIvUlcPvemSmhIEbnrLwAM1yqeUY9AqVFeQJuMZynIhVBV2BVj9J3CaAAxs8FAc24H7Xs6jvlawMrEPEognzRNI7c= bosonit\\david.garcia@L2202013"],"password":"**********","username":"ubuntu"}],"user_data_file_id":"","vendor_data_file_id":""}],"ipv4_addresses":[],"ipv6_addresses":[],"keyboard_layout":"en-us","kvm_arguments":null,"mac_addresses":["BC:24:11:78:85:44"],"machine":null,"memory":[{"dedicated":4096,"floating":0,"hugepages":"","keep_hugepages":false,"shared":0}],"migrate":false,"name":"Apache-2","network_device":[{"bridge":"vmbr2","disconnected":false,"enabled":true,"firewall":false,"mac_address":"BC:24:11:78:85:44","model":"virtio","mtu":0,"queues":0,"rate_limit":0,"trunks":"","vlan_id":0}],"network_interface_names":[],"node_name":"proxmox","numa":[],"on_boot":true,"operating_system":[],"pool_id":"","protection":false,"purge_on_destroy":true,"reboot":false,"reboot_after_update":true,"rng":[],"scsi_hardware":"virtio-scsi-pci","serial_device":[],"smbios":[],"started":true,"startup":[],"stop_on_destroy":false,"tablet_device":true,"tags":null,"template":false,"timeout_clone":1800,"timeout_create":1800,"timeout_migrate":1800,"timeout_move_disk":1800,"timeout_reboot":1800,"timeout_shutdown_vm":1800,"timeout_start_vm":1800,"timeout_stop_vm":300,"tpm_state":[],"usb":[],"vga":[],"virtiofs":[],"vm_id":301,"watchdog":[]},"sensitive_attributes":[[{"type":"get_attr","value":"initialization"},{"type":"index","value":{"value":0,"type":"number"}},{"type":"get_attr","value":"user_account"},{"type":"index","value":{"value":0,"type":"number"}},{"type":"get_attr","value":"password"}]],"private":"bnVsbA==","dependencies":["module.pfsense.proxmox_virtual_environment_vm.pfSense","module.servidores.proxmox_virtual_environment_vm.apache1","module.servidores.proxmox_virtual_environment_vm.mariadb_server1","module.servidores.proxmox_virtual_environment_vm.mariadb_server2"]}]},{"module":"module.servidores","mode":"managed","type":"proxmox_virtual_environment_vm","name":"haproxy","provider":"provider[\"registry.opentofu.org/bpg/proxmox\"]","instances":[{"schema_version":0,"attributes":{"acpi":true,"agent":[{"enabled":false,"timeout":"15m","trim":false,"type":"virtio","wait_for_ip":[]}],"amd_sev":[],"audio_device":[],"bios":"seabios","boot_order":["scsi0","ide2","net0"],"cdrom":[],"clone":[{"datastore_id":"","full":true,"node_name":"","retries":1,"vm_id":104}],"cpu":[],"delete_unreferenced_disks_on_destroy":true,"description":null,"disk":[{"aio":"io_uring","backup":true,"cache":"none","datastore_id":"local-lvm","discard":"ignore","file_format":"raw","file_id":"","import_from":"","interface":"scsi0","iothread":false,"path_in_datastore":"vm-400-disk-0","replicate":true,"serial":"","size":20,"speed":[],"ssd":false}],"efi_disk":[],"hook_script_file_id":null,"hostpci":[],"hotplug":null,"id":"400","initialization":[{"datastore_id":"local-lvm","dns":[],"file_format":"","interface":"ide0","ip_config":[{"ipv4":[{"address":"192.168.2.20/24","gateway":"192.168.2.1"}],"ipv6":[]}],"meta_data_file_id":"","network_data_file_id":"","type":"","upgrade":true,"user_account":[{"keys":["ssh-rsa AAAAB3NzaC1yc2EAAAADAQABAAABgQDC21C0XJW0VH5Pdf0tzAgM49zG+WpRShbdmINqzTK3qs3gsMA+dYA7HEVgdBmNVv8NSRpXjqKVsn7CGK6M8E66CUt8QTdptGI60dKxAGrAECZYSLQ9D44f3jEFEjSKG6D4PdUJS5qqmHQa4gMEIqkmmqZCzlYoXqHUsQ78XOR4TWkRKcQx286cQDQlbEUW0pbaiZ6O7MZemN2vtFEZfQHL18ApIM7wtgPnF/tCScxSZRPzHkDL3hJdEeUCHiU169u6Ct7rpjm9o+yXPdzcqpdPr0c68XOZwtXRNQZ4f/Dqclz5QK1wxM4Fvro8NvZILTX98OzOm78dzJqgyyYBpTz2S1gkY8DMc0GaGQLA322xe62KcguPhHh10vpYpcQt7mfUH5P1zQTvXsMJigTjLzFfStm6iGAF8ytY4PICwIzIvUlcPvemSmhIEbnrLwAM1yqeUY9AqVFeQJuMZynIhVBV2BVj9J3CaAAxs8FAc24H7Xs6jvlawMrEPEognzRNI7c= bosonit\\david.garcia@L2202013"],"password":"**********","username":"ubuntu"}],"user_data_file_id":"","vendor_data_file_id":""}],"ipv4_addresses":[],"ipv6_addresses":[],"keyboard_layout":"en-us","kvm_arguments":null,"mac_addresses":["BC:24:11:07:89:37"],"machine":null,"memory":[],"migrate":false,"name":"haproxy-01","network_device":[{"bridge":"vmbr2","disconnected":false,"enabled":true,"firewall":false,"mac_address":"BC:24:11:07:89:37","model":"virtio","mtu":0,"queues":0,"rate_limit":0,"trunks":"","vlan_id":0}],"network_interface_names":[],"node_name":"proxmox","numa":[],"on_boot":true,"operating_system":[],"pool_id":"","protection":false,"purge_on_destroy":true,"reboot":false,"reboot_after_update":true,"rng":[],"scsi_hardware":"virtio-scsi-pci","serial_device":[],"smbios":[],"started":true,"startup":[],"stop_on_destroy":false,"tablet_device":true,"tags":null,"template":false,"timeout_clone":1800,"timeout_create":1800,"timeout_migrate":1800,"timeout_move_disk":1800,"timeout_reboot":1800,"timeout_shutdown_vm":1800,"timeout_start_vm":1800,"timeout_stop_vm":300,"tpm_state":[],"usb":[],"vga":[],"virtiofs":[],"vm_id":400,"watchdog":[]},"sensitive_attributes":[[{"type":"get_attr","value":"initialization"},{"type":"index","value":{"value":0,"type":"number"}},{"type":"get_attr","value":"user_account"},{"type":"index","value":{"value":0,"type":"number"}},{"type":"get_attr","value":"password"}]],"private":"bnVsbA==","dependencies":["module.pfsense.proxmox_virtual_environment_vm.pfSense","module.servidores.proxmox_virtual_environment_vm.apache1","module.servidores.proxmox_virtual_environment_vm.apache2","module.servidores.proxmox_virtual_environment_vm.mariadb_server1","module.servidores.proxmox_virtual_environment_vm.mariadb_server2"]}]},{"module":"module.servidores","mode":"managed","type":"proxmox_virtual_environment_vm","name":"mariadb_server1","provider":"provider[\"registry.opentofu.org/bpg/proxmox\"]","instances":[{"schema_version":0,"attributes":{"acpi":true,"agent":[{"enabled":false,"timeout":"15m","trim":false,"type":"virtio","wait_for_ip":[]}],"amd_sev":[],"audio_device":[],"bios":"seabios","boot_order":["scsi0","ide2","net0"],"cdrom":[],"clone":[{"datastore_id":"","full":true,"node_name":"","retries":1,"vm_id":107}],"cpu":[{"affinity":"","architecture":"","cores":2,"flags":null,"hotplugged":0,"limit":0,"numa":false,"sockets":1,"type":"qemu64","units":0}],"delete_unreferenced_disks_on_destroy":true,"description":null,"disk":[{"aio":"io_uring","backup":true,"cache":"none","datastore_id":"local-lvm","discard":"ignore","file_format":"raw","file_id":"","import_from":"","interface":"scsi0","iothread":false,"path_in_datastore":"vm-200-disk-0","replicate":true,"serial":"","size":50,"speed":[],"ssd":false}],"efi_disk":[],"hook_script_file_id":null,"hostpci":[],"hotplug":null,"id":"200","initialization":[{"datastore_id":"local-lvm","dns":[],"file_format":"","interface":"ide0","ip_config":[{"ipv4":[{"address":"192.168.1.30/24","gateway":"192.168.1.1"}],"ipv6":[]}],"meta_data_file_id":"","network_data_file_id":"","type":"","upgrade":true,"user_account":[{"keys":["ssh-rsa AAAAB3NzaC1yc2EAAAADAQABAAABgQDC21C0XJW0VH5Pdf0tzAgM49zG+WpRShbdmINqzTK3qs3gsMA+dYA7HEVgdBmNVv8NSRpXjqKVsn7CGK6M8E66CUt8QTdptGI60dKxAGrAECZYSLQ9D44f3jEFEjSKG6D4PdUJS5qqmHQa4gMEIqkmmqZCzlYoXqHUsQ78XOR4TWkRKcQx286cQDQlbEUW0pbaiZ6O7MZemN2vtFEZfQHL18ApIM7wtgPnF/tCScxSZRPzHkDL3hJdEeUCHiU169u6Ct7rpjm9o+yXPdzcqpdPr0c68XOZwtXRNQZ4f/Dqclz5QK1wxM4Fvro8NvZILTX98OzOm78dzJqgyyYBpTz2S1gkY8DMc0GaGQLA322xe62KcguPhHh10vpYpcQt7mfUH5P1zQTvXsMJigTjLzFfStm6iGAF8ytY4PICwIzIvUlcPvemSmhIEbnrLwAM1yqeUY9AqVFeQJuMZynIhVBV2BVj9J3CaAAxs8FAc24H7Xs6jvlawMrEPEognzRNI7c= bosonit\\david.garcia@L2202013"],"password":"**********","username":"ubuntu"}],"user_data_file_id":"","vendor_data_file_id":""}],"ipv4_addresses":[],"ipv6_addresses":[],"keyboard_layout":"en-us","kvm_arguments":null,"mac_addresses":["BC:24:11:6C:E1:3C"],"machine":null,"memory":[{"dedicated":4096,"floating":0,"hugepages":"","keep_hugepages":false,"shared":0}],"migrate":false,"name":"mariadb-1","network_device":[{"bridge":"vmbr1","disconnected":false,"enabled":true,"firewall":false,"mac_address":"BC:24:11:6C:E1:3C","model":"virtio","mtu":0,"queues":0,"rate_limit":0,"trunks":"","vlan_id":0}],"network_interface_names":[],"node_name":"proxmox","numa":[],"on_boot":true,"operating_system":[],"pool_id":"","protection":false,"purge_on_destroy":true,"reboot":false,"reboot_after_update":true,"rng":[],"scsi_hardware":"virtio-scsi-pci","serial_device":[],"smbios":[],"started":true,"startup":[],"stop_on_destroy":false,"tablet_device":true,"tags":null,"template":false,"timeout_clone":1800,"timeout_create":1800,"timeout_migrate":1800,"timeout_move_disk":1800,"timeout_reboot":1800,"timeout_shutdown_vm":1800,"timeout_start_vm":1800,"timeout_stop_vm":300,"tpm_state":[],"usb":[],"vga":[],"virtiofs":[],"vm_id":200,"watchdog":[]},"sensitive_attributes":[[{"type":"get_attr","value":"initialization"},{"type":"index","value":{"value":0,"type":"number"}},{"type":"get_attr","value":"user_account"},{"type":"index","value":{"value":0,"type":"number"}},{"type":"get_attr","value":"password"}]],"private":"bnVsbA==","dependencies":["module.pfsense.proxmox_virtual_environment_vm.pfSense"]}]},{"module":"module.servidores","mode":"managed","type":"proxmox_virtual_environment_vm","name":"mariadb_server2","provider":"provider[\"registry.opentofu.org/bpg/proxmox\"]","instances":[{"schema_version":0,"attributes":{"acpi":true,"agent":[{"enabled":false,"timeout":"15m","trim":false,"type":"virtio","wait_for_ip":[]}],"amd_sev":[],"audio_device":[],"bios":"seabios","boot_order":["scsi0","ide2","net0"],"cdrom":[],"clone":[{"datastore_id":"","full":true,"node_name":"","retries":1,"vm_id":108}],"cpu":[{"affinity":"","architecture":"","cores":2,"flags":null,"hotplugged":0,"limit":0,"numa":false,"sockets":1,"type":"qemu64","units":0}],"delete_unreferenced_disks_on_destroy":true,"description":null,"disk":[{"aio":"io_uring","backup":true,"cache":"none","datastore_id":"local-lvm","discard":"ignore","file_format":"raw","file_id":"","import_from":"","interface":"scsi0","iothread":false,"path_in_datastore":"vm-201-disk-0","replicate":true,"serial":"","size":50,"speed":[],"ssd":false}],"efi_disk":[],"hook_script_file_id":null,"hostpci":[],"hotplug":null,"id":"201","initialization":[{"datastore_id":"local-lvm","dns":[],"file_format":"","interface":"ide0","ip_config":[{"ipv4":[{"address":"192.168.1.31/24","gateway":"192.168.1.1"}],"ipv6":[]}],"meta_data_file_id":"","network_data_file_id":"","type":"","upgrade":true,"user_account":[{"keys":["ssh-rsa AAAAB3NzaC1yc2EAAAADAQABAAABgQDC21C0XJW0VH5Pdf0tzAgM49zG+WpRShbdmINqzTK3qs3gsMA+dYA7HEVgdBmNVv8NSRpXjqKVsn7CGK6M8E66CUt8QTdptGI60dKxAGrAECZYSLQ9D44f3jEFEjSKG6D4PdUJS5qqmHQa4gMEIqkmmqZCzlYoXqHUsQ78XOR4TWkRKcQx286cQDQlbEUW0pbaiZ6O7MZemN2vtFEZfQHL18ApIM7wtgPnF/tCScxSZRPzHkDL3hJdEeUCHiU169u6Ct7rpjm9o+yXPdzcqpdPr0c68XOZwtXRNQZ4f/Dqclz5QK1wxM4Fvro8NvZILTX98OzOm78dzJqgyyYBpTz2S1gkY8DMc0GaGQLA322xe62KcguPhHh10vpYpcQt7mfUH5P1zQTvXsMJigTjLzFfStm6iGAF8ytY4PICwIzIvUlcPvemSmhIEbnrLwAM1yqeUY9AqVFeQJuMZynIhVBV2BVj9J3CaAAxs8FAc24H7Xs6jvlawMrEPEognzRNI7c= bosonit\\david.garcia@L2202013"],"password":"**********","username":"ubuntu"}],"user_data_file_id":"","vendor_data_file_id":""}],"ipv4_addresses":[],"ipv6_addresses":[],"keyboard_layout":"en-us","kvm_arguments":null,"mac_addresses":["BC:24:11:4A:52:16"],"machine":null,"memory":[{"dedicated":4096,"floating":0,"hugepages":"","keep_hugepages":false,"shared":0}],"migrate":false,"name":"mariadb-2","network_device":[{"bridge":"vmbr1","disconnected":false,"enabled":true,"firewall":false,"mac_address":"BC:24:11:4A:52:16","model":"virtio","mtu":0,"queues":0,"rate_limit":0,"trunks":"","vlan_id":0}],"network_interface_names":[],"node_name":"proxmox","numa":[],"on_boot":true,"operating_system":[],"pool_id":"","protection":false,"purge_on_destroy":true,"reboot":false,"reboot_after_update":true,"rng":[],"scsi_hardware":"virtio-scsi-pci","serial_device":[],"smbios":[],"started":true,"startup":[],"stop_on_destroy":false,"tablet_device":true,"tags":null,"template":false,"timeout_clone":1800,"timeout_create":1800,"timeout_migrate":1800,"timeout_move_disk":1800,"timeout_reboot":1800,"timeout_shutdown_vm":1800,"timeout_start_vm":1800,"timeout_stop_vm":300,"tpm_state":[],"usb":[],"vga":[],"virtiofs":[],"vm_id":201,"watchdog":[]},"sensitive_attributes":[[{"type":"get_attr","value":"initialization"},{"type":"index","value":{"value":0,"type":"number"}},{"type":"get_attr","value":"user_account"},{"type":"index","value":{"value":0,"type":"number"}},{"type":"get_attr","value":"password"}]],"private":"bnVsbA==","dependencies":["module.pfsense.proxmox_virtual_environment_vm.pfSense","module.servidores.proxmox_virtual_environment_vm.mariadb_server1"]}]},{"module":"module.servidores","mode":"managed","type":"proxmox_virtual_environment_vm","name":"zabbix_server","provider":"provider[\"registry.opentofu.org/bpg/proxmox\"]","instances":[{"schema_version":0,"attributes":{"acpi":true,"agent":[{"enabled":false,"timeout":"15m","trim":false,"type":"virtio","wait_for_ip":[]}],"amd_sev":[],"audio_device":[],"bios":"seabios","boot_order":["scsi0","ide2","net0"],"cdrom":[],"clone":[{"datastore_id":"","full":true,"node_name":"","retries":1,"vm_id":105}],"cpu":[{"affinity":"","architecture":"","cores":2,"flags":null,"hotplugged":0,"limit":0,"numa":false,"sockets":1,"type":"qemu64","units":0}],"delete_unreferenced_disks_on_destroy":true,"description":null,"disk":[{"aio":"io_uring","backup":true,"cache":"none","datastore_id":"local-lvm","discard":"ignore","file_format":"raw","file_id":"","import_from":"","interface":"scsi0","iothread":false,"path_in_datastore":"vm-500-disk-0","replicate":true,"serial":"","size":50,"speed":[],"ssd":false}],"efi_disk":[],"hook_script_file_id":null,"hostpci":[],"hotplug":null,"id":"500","initialization":[{"datastore_id":"local-lvm","dns":[],"file_format":"","interface":"ide0","ip_config":[{"ipv4":[{"address":"192.168.1.50/24","gateway":"192.168.1.1"}],"ipv6":[]}],"meta_data_file_id":"","network_data_file_id":"","type":"","upgrade":true,"user_account":[{"keys":["ssh-rsa AAAAB3NzaC1yc2EAAAADAQABAAABgQDC21C0XJW0VH5Pdf0tzAgM49zG+WpRShbdmINqzTK3qs3gsMA+dYA7HEVgdBmNVv8NSRpXjqKVsn7CGK6M8E66CUt8QTdptGI60dKxAGrAECZYSLQ9D44f3jEFEjSKG6D4PdUJS5qqmHQa4gMEIqkmmqZCzlYoXqHUsQ78XOR4TWkRKcQx286cQDQlbEUW0pbaiZ6O7MZemN2vtFEZfQHL18ApIM7wtgPnF/tCScxSZRPzHkDL3hJdEeUCHiU169u6Ct7rpjm9o+yXPdzcqpdPr0c68XOZwtXRNQZ4f/Dqclz5QK1wxM4Fvro8NvZILTX98OzOm78dzJqgyyYBpTz2S1gkY8DMc0GaGQLA322xe62KcguPhHh10vpYpcQt7mfUH5P1zQTvXsMJigTjLzFfStm6iGAF8ytY4PICwIzIvUlcPvemSmhIEbnrLwAM1yqeUY9AqVFeQJuMZynIhVBV2BVj9J3CaAAxs8FAc24H7Xs6jvlawMrEPEognzRNI7c= bosonit\\david.garcia@L2202013"],"password":"**********","username":"ubuntu"}],"user_data_file_id":"","vendor_data_file_id":""}],"ipv4_addresses":[],"ipv6_addresses":[],"keyboard_layout":"en-us","kvm_arguments":null,"mac_addresses":["BC:24:11:2F:B3:61"],"machine":null,"memory":[{"dedicated":4096,"floating":0,"hugepages":"","keep_hugepages":false,"shared":0}],"migrate":false,"name":"zabbix-server","network_device":[{"bridge":"vmbr1","disconnected":false,"enabled":true,"firewall":false,"mac_address":"BC:24:11:2F:B3:61","model":"virtio","mtu":0,"queues":0,"rate_limit":0,"trunks":"","vlan_id":0}],"network_interface_names":[],"node_name":"proxmox","numa":[],"on_boot":true,"operating_system":[],"pool_id":"","protection":false,"purge_on_destroy":true,"reboot":false,"reboot_after_update":true,"rng":[],"scsi_hardware":"virtio-scsi-pci","serial_device":[],"smbios":[],"started":true,"startup":[],"stop_on_destroy":false,"tablet_device":true,"tags":null,"template":false,"timeout_clone":1800,"timeout_create":1800,"timeout_migrate":1800,"timeout_move_disk":1800,"timeout_reboot":1800,"timeout_shutdown_vm":1800,"timeout_start_vm":1800,"timeout_stop_vm":300,"tpm_state":[],"usb":[],"vga":[],"virtiofs":[],"vm_id":500,"watchdog":[]},"sensitive_attributes":[[{"type":"get_attr","value":"initialization"},{"type":"index","value":{"value":0,"type":"number"}},{"type":"get_attr","value":"user_account"},{"type":"index","value":{"value":0,"type":"number"}},{"type":"get_attr","value":"password"}]],"private":"bnVsbA==","dependencies":["module.pfsense.proxmox_virtual_environment_vm.pfSense","module.servidores.proxmox_virtual_environment_vm.apache1","module.servidores.proxmox_virtual_environment_vm.apache2","module.servidores.proxmox_virtual_environment_vm.haproxy","module.servidores.proxmox_virtual_environment_vm.mariadb_server1","module.servidores.proxmox_virtual_environment_vm.mariadb_server2"]}]},{"module":"module.usuarios","mode":"managed","type":"proxmox_virtual_environment_vm","name":"Windows_11","provider":"provider[\"registry.opentofu.org/bpg/proxmox\"]","instances":[{"index_key":0,"schema_version":0,"attributes":{"acpi":true,"agent":[{"enabled":true,"timeout":"15m","trim":false,"type":"virtio","wait_for_ip":[]}],"amd_sev":[],"audio_device":[],"bios":"seabios","boot_order":["ide0","net0","ide1"],"cdrom":[],"clone":[{"datastore_id":"","full":true,"node_name":"","retries":1,"vm_id":100}],"cpu":[],"delete_unreferenced_disks_on_destroy":true,"description":null,"disk":[],"efi_disk":[],"hook_script_file_id":null,"hostpci":[],"hotplug":null,"id":"1000","initialization":[{"datastore_id":"local-lvm","dns":[{"domain":"","servers":["192.168.3.1"]}],"file_format":"","interface":"ide2","ip_config":[{"ipv4":[{"address":"dhcp","gateway":""}],"ipv6":[]}],"meta_data_file_id":"","network_data_file_id":"","type":"","upgrade":true,"user_account":[],"user_data_file_id":"","vendor_data_file_id":""}],"ipv4_addresses":[["192.168.3.10"],["127.0.0.1"]],"ipv6_addresses":[["fe80::36f1:e320:8751:faac%6"],["::1"]],"keyboard_layout":"en-us","kvm_arguments":null,"mac_addresses":["BC:24:11:25:2D:EE",""],"machine":null,"memory":[],"migrate":false,"name":"equipo-1","network_device":[{"bridge":"vmbr3","disconnected":false,"enabled":true,"firewall":false,"mac_address":"BC:24:11:25:2D:EE","model":"virtio","mtu":0,"queues":0,"rate_limit":0,"trunks":"","vlan_id":0}],"network_interface_names":["Ethernet","Loopback Pseudo-Interface 1"],"node_name":"proxmox","numa":[],"on_boot":true,"operating_system":[],"pool_id":"","protection":false,"purge_on_destroy":true,"reboot":false,"reboot_after_update":true,"rng":[],"scsi_hardware":"virtio-scsi-pci","serial_device":[],"smbios":[],"started":true,"startup":[],"stop_on_destroy":false,"tablet_device":true,"tags":null,"template":false,"timeout_clone":1800,"timeout_create":1800,"timeout_migrate":1800,"timeout_move_disk":1800,"timeout_reboot":1800,"timeout_shutdown_vm":1800,"timeout_start_vm":1800,"timeout_stop_vm":300,"tpm_state":[],"usb":[],"vga":[],"virtiofs":[],"vm_id":1000,"watchdog":[]},"sensitive_attributes":[],"private":"bnVsbA==","dependencies":["module.pfsense.proxmox_virtual_environment_vm.pfSense","module.servidores.proxmox_virtual_environment_vm.apache1","module.servidores.proxmox_virtual_environment_vm.apache2","module.servidores.proxmox_virtual_environment_vm.haproxy","module.servidores.proxmox_virtual_environment_vm.mariadb_server1","module.servidores.proxmox_virtual_environment_vm.mariadb_server2","module.servidores.proxmox_virtual_environment_vm.zabbix_server"]}]}],"check_results":null}
